{
  "name": "assistant_matanne",
  "lockfileVersion": 3,
  "requires": true,
  "packages": {
    "": {
      "dependencies": {
        "@sentry/core": "^10.49.0"
      }
    },
    "node_modules/@sentry/core": {
      "version": "10.49.0",
      "resolved": "https://registry.npmjs.org/@sentry/core/-/core-10.49.0.tgz",
      "integrity": "sha512-UaFeum3LUM1mB0d67jvKnqId1yWQjyqmaDV6kWngG03x+jqXb08tJdGpSoxjXZe13jFBbiBL/wKDDYIK7rCK4g==",
      "license": "MIT",
      "engines": {
        "node": ">=18"
      }
    }
  }
}
